
Microsoft Visual Studio Solution File, Format Version 12.00
# Visual Studio 15
Project("{FAE04EC0-301F-11D3-BF4B-00C04F79EFBC}") = "RoomMatch", "RoomMatch\RoomMatch.csproj", "{80F93711-E71A-4E8E-BB8E-41AC6523BA4D}"
EndProject
Global
	GlobalSection(SolutionConfigurationPlatforms) = preSolution
		Debug|Any CPU = Debug|Any CPU
		Release|Any CPU = Release|Any CPU
	EndGlobalSection
	GlobalSection(ProjectConfigurationPlatforms) = postSolution
		{80F93711-E71A-4E8E-BB8E-41AC6523BA4D}.Debug|Any CPU.ActiveCfg = Debug|Any CPU
		{80F93711-E71A-4E8E-BB8E-41AC6523BA4D}.Debug|Any CPU.Build.0 = Debug|Any CPU
		{80F93711-E71A-4E8E-BB8E-41AC6523BA4D}.Release|Any CPU.ActiveCfg = Release|Any CPU
		{80F93711-E71A-4E8E-BB8E-41AC6523BA4D}.Release|Any CPU.Build.0 = Release|Any CPU
	EndGlobalSection
EndGlobal
